{
	"name": "module-1",
	"version": "1.0.0",
	"lockfileVersion": 1,
	"requires": true,
	"dependencies": {
		"lodash": {
			"version": "4.17.5",
			"resolved": "https://registry.npmjs.org/lodash/-/lodash-4.17.5.tgz",
			"integrity": "sha512-svL3uiZf1RwhH+cWrfZn3A4+U58wbP0tGVTLQPbjplZxZ8ROD9VLuNgsRniTlLe7OlSqR79RUehXgpBW/s0IQw=="
		},
		"mp-promisify": {
			"version": "0.0.3",
			"resolved": "https://registry.npmjs.org/mp-promisify/-/mp-promisify-0.0.3.tgz",
			"integrity": "sha512-iekxI+IEciLNY60PS86QSAe70Vp3g618aKTVLu4WvHYGgHG2DRVY1cgi5M3HgdTOV6XbCf1wyGhNlY5LHw5Lxg=="
		}
	}
}
